// !$*UTF8*$!
{
	archiveVersion = 1;
	classes = {
	};
	objectVersion = 50;
	objects = {

/* Begin PBXBuildFile section */
		9706231B23F10E7500F1EFE1 /* AppDelegate.swift in Sources */ = {isa = PBXBuildFile; fileRef = 9706231A23F10E7500F1EFE1 /* AppDelegate.swift */; };
		9706231D23F10E7500F1EFE1 /* SceneDelegate.swift in Sources */ = {isa = PBXBuildFile; fileRef = 9706231C23F10E7500F1EFE1 /* SceneDelegate.swift */; };
		9706231F23F10E7500F1EFE1 /* ViewController.swift in Sources */ = {isa = PBXBuildFile; fileRef = 9706231E23F10E7500F1EFE1 /* ViewController.swift */; };
		9706232223F10E7500F1EFE1 /* Main.storyboard in Resources */ = {isa = PBXBuildFile; fileRef = 9706232023F10E7500F1EFE1 /* Main.storyboard */; };
		9706232523F10E7500F1EFE1 /* ios_study_coredata.xcdatamodeld in Sources */ = {isa = PBXBuildFile; fileRef = 9706232323F10E7500F1EFE1 /* ios_study_coredata.xcdatamodeld */; };
		9706232723F10E7500F1EFE1 /* Assets.xcassets in Resources */ = {isa = PBXBuildFile; fileRef = 9706232623F10E7500F1EFE1 /* Assets.xcassets */; };
		9706232A23F10E7500F1EFE1 /* LaunchScreen.storyboard in Resources */ = {isa = PBXBuildFile; fileRef = 9706232823F10E7500F1EFE1 /* LaunchScreen.storyboard */; };
		9706233523F10E7500F1EFE1 /* ios_study_coredataTests.swift in Sources */ = {isa = PBXBuildFile; fileRef = 9706233423F10E7500F1EFE1 /* ios_study_coredataTests.swift */; };
		9706234023F1106A00F1EFE1 /* LandmarkTableViewCell.swift in Sources */ = {isa = PBXBuildFile; fileRef = 9706233F23F1106A00F1EFE1 /* LandmarkTableViewCell.swift */; };
/* End PBXBuildFile section */

/* Begin PBXContainerItemProxy section */
		9706233123F10E7500F1EFE1 /* PBXContainerItemProxy */ = {
			isa = PBXContainerItemProxy;
			containerPortal = 9706230F23F10E7500F1EFE1 /* Project object */;
			proxyType = 1;
			remoteGlobalIDString = 9706231623F10E7500F1EFE1;
			remoteInfo = ios_study_coredata;
		};
/* End PBXContainerItemProxy section */

/* Begin PBXFileReference section */
		9706231723F10E7500F1EFE1 /* ios_study_coredata.app */ = {isa = PBXFileReference; explicitFileType = wrapper.application; includeInIndex = 0; path = ios_study_coredata.app; sourceTree = BUILT_PRODUCTS_DIR; };
		9706231A23F10E7500F1EFE1 /* AppDelegate.swift */ = {isa = PBXFileReference; lastKnownFileType = sourcecode.swift; path = AppDelegate.swift; sourceTree = "<group>"; };
		9706231C23F10E7500F1EFE1 /* SceneDelegate.swift */ = {isa = PBXFileReference; lastKnownFileType = sourcecode.swift; path = SceneDelegate.swift; sourceTree = "<group>"; };
		9706231E23F10E7500F1EFE1 /* ViewController.swift */ = {isa = PBXFileReference; lastKnownFileType = sourcecode.swift; path = ViewController.swift; sourceTree = "<group>"; };
		9706232123F10E7500F1EFE1 /* Base */ = {isa = PBXFileReference; lastKnownFileType = file.storyboard; name = Base; path = Base.lproj/Main.storyboard; sourceTree = "<group>"; };
		9706232423F10E7500F1EFE1 /* ios_study_coredata.xcdatamodel */ = {isa = PBXFileReference; lastKnownFileType = wrapper.xcdatamodel; path = ios_study_coredata.xcdatamodel; sourceTree = "<group>"; };
		9706232623F10E7500F1EFE1 /* Assets.xcassets */ = {isa = PBXFileReference; lastKnownFileType = folder.assetcatalog; path = Assets.xcassets; sourceTree = "<group>"; };
		9706232923F10E7500F1EFE1 /* Base */ = {isa = PBXFileReference; lastKnownFileType = file.storyboard; name = Base; path = Base.lproj/LaunchScreen.storyboard; sourceTree = "<group>"; };
		9706232B23F10E7500F1EFE1 /* Info.plist */ = {isa = PBXFileReference; lastKnownFileType = text.plist.xml; path = Info.plist; sourceTree = "<group>"; };
		9706233023F10E7500F1EFE1 /* ios_study_coredataTests.xctest */ = {isa = PBXFileReference; explicitFileType = wrapper.cfbundle; includeInIndex = 0; path = ios_study_coredataTests.xctest; sourceTree = BUILT_PRODUCTS_DIR; };
		9706233423F10E7500F1EFE1 /* ios_study_coredataTests.swift */ = {isa = PBXFileReference; lastKnownFileType = sourcecode.swift; path = ios_study_coredataTests.swift; sourceTree = "<group>"; };
		9706233623F10E7500F1EFE1 /* Info.plist */ = {isa = PBXFileReference; lastKnownFileType = text.plist.xml; path = Info.plist; sourceTree = "<group>"; };
		9706233F23F1106A00F1EFE1 /* LandmarkTableViewCell.swift */ = {isa = PBXFileReference; lastKnownFileType = sourcecode.swift; path = LandmarkTableViewCell.swift; sourceTree = "<group>"; };
/* End PBXFileReference section */

/* Begin PBXFrameworksBuildPhase section */
		9706231423F10E7500F1EFE1 /* Frameworks */ = {
			isa = PBXFrameworksBuildPhase;
			buildActionMask = 2147483647;
			files = (
			);
			runOnlyForDeploymentPostprocessing = 0;
		};
		9706232D23F10E7500F1EFE1 /* Frameworks */ = {
			isa = PBXFrameworksBuildPhase;
			buildActionMask = 2147483647;
			files = (
			);
			runOnlyForDeploymentPostprocessing = 0;
		};
/* End PBXFrameworksBuildPhase section */

/* Begin PBXGroup section */
		9706230E23F10E7500F1EFE1 = {
			isa = PBXGroup;
			children = (
				9706231923F10E7500F1EFE1 /* ios_study_coredata */,
				9706233323F10E7500F1EFE1 /* ios_study_coredataTests */,
				9706231823F10E7500F1EFE1 /* Products */,
			);
			sourceTree = "<group>";
		};
		9706231823F10E7500F1EFE1 /* Products */ = {
			isa = PBXGroup;
			children = (
				9706231723F10E7500F1EFE1 /* ios_study_coredata.app */,
				9706233023F10E7500F1EFE1 /* ios_study_coredataTests.xctest */,
			);
			name = Products;
			sourceTree = "<group>";
		};
		9706231923F10E7500F1EFE1 /* ios_study_coredata */ = {
			isa = PBXGroup;
			children = (
				9706231A23F10E7500F1EFE1 /* AppDelegate.swift */,
				9706231C23F10E7500F1EFE1 /* SceneDelegate.swift */,
				9706231E23F10E7500F1EFE1 /* ViewController.swift */,
				9706233F23F1106A00F1EFE1 /* LandmarkTableViewCell.swift */,
				9706232023F10E7500F1EFE1 /* Main.storyboard */,
				9706232623F10E7500F1EFE1 /* Assets.xcassets */,
				9706232823F10E7500F1EFE1 /* LaunchScreen.storyboard */,
				9706232B23F10E7500F1EFE1 /* Info.plist */,
				9706232323F10E7500F1EFE1 /* ios_study_coredata.xcdatamodeld */,
			);
			path = ios_study_coredata;
			sourceTree = "<group>";
		};
		9706233323F10E7500F1EFE1 /* ios_study_coredataTests */ = {
			isa = PBXGroup;
			children = (
				9706233423F10E7500F1EFE1 /* ios_study_coredataTests.swift */,
				9706233623F10E7500F1EFE1 /* Info.plist */,
			);
			path = ios_study_coredataTests;
			sourceTree = "<group>";
		};
/* End PBXGroup section */

/* Begin PBXNativeTarget section */
		9706231623F10E7500F1EFE1 /* ios_study_coredata */ = {
			isa = PBXNativeTarget;
			buildConfigurationList = 9706233923F10E7500F1EFE1 /* Build configuration list for PBXNativeTarget "ios_study_coredata" */;
			buildPhases = (
				9706231323F10E7500F1EFE1 /* Sources */,
				9706231423F10E7500F1EFE1 /* Frameworks */,
				9706231523F10E7500F1EFE1 /* Resources */,
			);
			buildRules = (
			);
			dependencies = (
			);
			name = ios_study_coredata;
			productName = ios_study_coredata;
			productReference = 9706231723F10E7500F1EFE1 /* ios_study_coredata.app */;
			productType = "com.apple.product-type.application";
		};
		9706232F23F10E7500F1EFE1 /* ios_study_coredataTests */ = {
			isa = PBXNativeTarget;
			buildConfigurationList = 9706233C23F10E7500F1EFE1 /* Build configuration list for PBXNativeTarget "ios_study_coredataTests" */;
			buildPhases = (
				9706232C23F10E7500F1EFE1 /* Sources */,
				9706232D23F10E7500F1EFE1 /* Frameworks */,
				9706232E23F10E7500F1EFE1 /* Resources */,
			);
			buildRules = (
			);
			dependencies = (
				9706233223F10E7500F1EFE1 /* PBXTargetDependency */,
			);
			name = ios_study_coredataTests;
			productName = ios_study_coredataTests;
			productReference = 9706233023F10E7500F1EFE1 /* ios_study_coredataTests.xctest */;
			productType = "com.apple.product-type.bundle.unit-test";
		};
/* End PBXNativeTarget section */

/* Begin PBXProject section */
		9706230F23F10E7500F1EFE1 /* Project object */ = {
			isa = PBXProject;
			attributes = {
				LastSwiftUpdateCheck = 1130;
				LastUpgradeCheck = 1130;
				ORGANIZATIONNAME = toolstudio;
				TargetAttributes = {
					9706231623F10E7500F1EFE1 = {
						CreatedOnToolsVersion = 11.3.1;
					};
					9706232F23F10E7500F1EFE1 = {
						CreatedOnToolsVersion = 11.3.1;
						TestTargetID = 9706231623F10E7500F1EFE1;
					};
				};
			};
			buildConfigurationList = 9706231223F10E7500F1EFE1 /* Build configuration list for PBXProject "ios_study_coredata" */;
			compatibilityVersion = "Xcode 9.3";
			developmentRegion = en;
			hasScannedForEncodings = 0;
			knownRegions = (
				en,
				Base,
			);
			mainGroup = 9706230E23F10E7500F1EFE1;
			productRefGroup = 9706231823F10E7500F1EFE1 /* Products */;
			projectDirPath = "";
			projectRoot = "";
			targets = (
				9706231623F10E7500F1EFE1 /* ios_study_coredata */,
				9706232F23F10E7500F1EFE1 /* ios_study_coredataTests */,
			);
		};
/* End PBXProject section */

/* Begin PBXResourcesBuildPhase section */
		9706231523F10E7500F1EFE1 /* Resources */ = {
			isa = PBXResourcesBuildPhase;
			buildActionMask = 2147483647;
			files = (
				9706232A23F10E7500F1EFE1 /* LaunchScreen.storyboard in Resources */,
				9706232723F10E7500F1EFE1 /* Assets.xcassets in Resources */,
				9706232223F10E7500F1EFE1 /* Main.storyboard in Resources */,
			);
			runOnlyForDeploymentPostprocessing = 0;
		};
		9706232E23F10E7500F1EFE1 /* Resources */ = {
			isa = PBXResourcesBuildPhase;
			buildActionMask = 2147483647;
			files = (
			);
			runOnlyForDeploymentPostprocessing = 0;
		};
/* End PBXResourcesBuildPhase section */

/* Begin PBXSourcesBuildPhase section */
		9706231323F10E7500F1EFE1 /* Sources */ = {
			isa = PBXSourcesBuildPhase;
			buildActionMask = 2147483647;
			files = (
				9706232523F10E7500F1EFE1 /* ios_study_coredata.xcdatamodeld in Sources */,
				9706231F23F10E7500F1EFE1 /* ViewController.swift in Sources */,
				9706231B23F10E7500F1EFE1 /* AppDelegate.swift in Sources */,
				9706234023F1106A00F1EFE1 /* LandmarkTableViewCell.swift in Sources */,
				9706231D23F10E7500F1EFE1 /* SceneDelegate.swift in Sources */,
			);
			runOnlyForDeploymentPostprocessing = 0;
		};
		9706232C23F10E7500F1EFE1 /* Sources */ = {
			isa = PBXSourcesBuildPhase;
			buildActionMask = 2147483647;
			files = (
				9706233523F10E7500F1EFE1 /* ios_study_coredataTests.swift in Sources */,
			);
			runOnlyForDeploymentPostprocessing = 0;
		};
/* End PBXSourcesBuildPhase section */

/* Begin PBXTargetDependency section */
		9706233223F10E7500F1EFE1 /* PBXTargetDependency */ = {
			isa = PBXTargetDependency;
			target = 9706231623F10E7500F1EFE1 /* ios_study_coredata */;
			targetProxy = 9706233123F10E7500F1EFE1 /* PBXContainerItemProxy */;
		};
/* End PBXTargetDependency section */

/* Begin PBXVariantGroup section */
		9706232023F10E7500F1EFE1 /* Main.storyboard */ = {
			isa = PBXVariantGroup;
			children = (
				9706232123F10E7500F1EFE1 /* Base */,
			);
			name = Main.storyboard;
			sourceTree = "<group>";
		};
		9706232823F10E7500F1EFE1 /* LaunchScreen.storyboard */ = {
			isa = PBXVariantGroup;
			children = (
				9706232923F10E7500F1EFE1 /* Base */,
			);
			name = LaunchScreen.storyboard;
			sourceTree = "<group>";
		};
/* End PBXVariantGroup section */

/* Begin XCBuildConfiguration section */
		9706233723F10E7500F1EFE1 /* Debug */ = {
			isa = XCBuildConfiguration;
			buildSettings = {
				ALWAYS_SEARCH_USER_PATHS = NO;
				CLANG_ANALYZER_NONNULL = YES;
				CLANG_ANALYZER_NUMBER_OBJECT_CONVERSION = YES_AGGRESSIVE;
				CLANG_CXX_LANGUAGE_STANDARD = "gnu++14";
				CLANG_CXX_LIBRARY = "libc++";
				CLANG_ENABLE_MODULES = YES;
				CLANG_ENABLE_OBJC_ARC = YES;
				CLANG_ENABLE_OBJC_WEAK = YES;
				CLANG_WARN_BLOCK_CAPTURE_AUTORELEASING = YES;
				CLANG_WARN_BOOL_CONVERSION = YES;
				CLANG_WARN_COMMA = YES;
				CLANG_WARN_CONSTANT_CONVERSION = YES;
				CLANG_WARN_DEPRECATED_OBJC_IMPLEMENTATIONS = YES;
				CLANG_WARN_DIRECT_OBJC_ISA_USAGE = YES_ERROR;
				CLANG_WARN_DOCUMENTATION_COMMENTS = YES;
				CLANG_WARN_EMPTY_BODY = YES;
				CLANG_WARN_ENUM_CONVERSION = YES;
				CLANG_WARN_INFINITE_RECURSION = YES;
				CLANG_WARN_INT_CONVERSION = YES;
				CLANG_WARN_NON_LITERAL_NULL_CONVERSION = YES;
				CLANG_WARN_OBJC_IMPLICIT_RETAIN_SELF = YES;
				CLANG_WARN_OBJC_LITERAL_CONVERSION = YES;
				CLANG_WARN_OBJC_ROOT_CLASS = YES_ERROR;
				CLANG_WARN_RANGE_LOOP_ANALYSIS = YES;
				CLANG_WARN_STRICT_PROTOTYPES = YES;
				CLANG_WARN_SUSPICIOUS_MOVE = YES;
				CLANG_WARN_UNGUARDED_AVAILABILITY = YES_AGGRESSIVE;
				CLANG_WARN_UNREACHABLE_CODE = YES;
				CLANG_WARN__DUPLICATE_METHOD_MATCH = YES;
				COPY_PHASE_STRIP = NO;
				DEBUG_INFORMATION_FORMAT = dwarf;
				ENABLE_STRICT_OBJC_MSGSEND = YES;
				ENABLE_TESTABILITY = YES;
				GCC_C_LANGUAGE_STANDARD = gnu11;
				GCC_DYNAMIC_NO_PIC = NO;
				GCC_NO_COMMON_BLOCKS = YES;
				GCC_OPTIMIZATION_LEVEL = 0;
				GCC_PREPROCESSOR_DEFINITIONS = (
					"DEBUG=1",
					"$(inherited)",
				);
				GCC_WARN_64_TO_32_BIT_CONVERSION = YES;
				GCC_WARN_ABOUT_RETURN_TYPE = YES_ERROR;
				GCC_WARN_UNDECLARED_SELECTOR = YES;
				GCC_WARN_UNINITIALIZED_AUTOS = YES_AGGRESSIVE;
				GCC_WARN_UNUSED_FUNCTION = YES;
				GCC_WARN_UNUSED_VARIABLE = YES;
				IPHONEOS_DEPLOYMENT_TARGET = 13.2;
				MTL_ENABLE_DEBUG_INFO = INCLUDE_SOURCE;
				MTL_FAST_MATH = YES;
				ONLY_ACTIVE_ARCH = YES;
				SDKROOT = iphoneos;
				SWIFT_ACTIVE_COMPILATION_CONDITIONS = DEBUG;
				SWIFT_OPTIMIZATION_LEVEL = "-Onone";
			};
			name = Debug;
		};
		9706233823F10E7500F1EFE1 /* Release */ = {
			isa = XCBuildConfiguration;
			buildSettings = {
				ALWAYS_SEARCH_USER_PATHS = NO;
				CLANG_ANALYZER_NONNULL = YES;
				CLANG_ANALYZER_NUMBER_OBJECT_CONVERSION = YES_AGGRESSIVE;
				CLANG_CXX_LANGUAGE_STANDARD = "gnu++14";
				CLANG_CXX_LIBRARY = "libc++";
				CLANG_ENABLE_MODULES = YES;
				CLANG_ENABLE_OBJC_ARC = YES;
				CLANG_ENABLE_OBJC_WEAK = YES;
				CLANG_WARN_BLOCK_CAPTURE_AUTORELEASING = YES;
				CLANG_WARN_BOOL_CONVERSION = YES;
				CLANG_WARN_COMMA = YES;
				CLANG_WARN_CONSTANT_CONVERSION = YES;
				CLANG_WARN_DEPRECATED_OBJC_IMPLEMENTATIONS = YES;
				CLANG_WARN_DIRECT_OBJC_ISA_USAGE = YES_ERROR;
				CLANG_WARN_DOCUMENTATION_COMMENTS = YES;
				CLANG_WARN_EMPTY_BODY = YES;
				CLANG_WARN_ENUM_CONVERSION = YES;
				CLANG_WARN_INFINITE_RECURSION = YES;
				CLANG_WARN_INT_CONVERSION = YES;
				CLANG_WARN_NON_LITERAL_NULL_CONVERSION = YES;
				CLANG_WARN_OBJC_IMPLICIT_RETAIN_SELF = YES;
				CLANG_WARN_OBJC_LITERAL_CONVERSION = YES;
				CLANG_WARN_OBJC_ROOT_CLASS = YES_ERROR;
				CLANG_WARN_RANGE_LOOP_ANALYSIS = YES;
				CLANG_WARN_STRICT_PROTOTYPES = YES;
				CLANG_WARN_SUSPICIOUS_MOVE = YES;
				CLANG_WARN_UNGUARDED_AVAILABILITY = YES_AGGRESSIVE;
				CLANG_WARN_UNREACHABLE_CODE = YES;
				CLANG_WARN__DUPLICATE_METHOD_MATCH = YES;
				COPY_PHASE_STRIP = NO;
				DEBUG_INFORMATION_FORMAT = "dwarf-with-dsym";
				ENABLE_NS_ASSERTIONS = NO;
				ENABLE_STRICT_OBJC_MSGSEND = YES;
				GCC_C_LANGUAGE_STANDARD = gnu11;
				GCC_NO_COMMON_BLOCKS = YES;
				GCC_WARN_64_TO_32_BIT_CONVERSION = YES;
				GCC_WARN_ABOUT_RETURN_TYPE = YES_ERROR;
				GCC_WARN_UNDECLARED_SELECTOR = YES;
				GCC_WARN_UNINITIALIZED_AUTOS = YES_AGGRESSIVE;
				GCC_WARN_UNUSED_FUNCTION = YES;
				GCC_WARN_UNUSED_VARIABLE = YES;
				IPHONEOS_DEPLOYMENT_TARGET = 13.2;
				MTL_ENABLE_DEBUG_INFO = NO;
				MTL_FAST_MATH = YES;
				SDKROOT = iphoneos;
				SWIFT_COMPILATION_MODE = wholemodule;
				SWIFT_OPTIMIZATION_LEVEL = "-O";
				VALIDATE_PRODUCT = YES;
			};
			name = Release;
		};
		9706233A23F10E7500F1EFE1 /* Debug */ = {
			isa = XCBuildConfiguration;
			buildSettings = {
				ASSETCATALOG_COMPILER_APPICON_NAME = AppIcon;
				CODE_SIGN_STYLE = Automatic;
				INFOPLIST_FILE = ios_study_coredata/Info.plist;
				LD_RUNPATH_SEARCH_PATHS = (
					"$(inherited)",
					"@executable_path/Frameworks",
				);
				PRODUCT_BUNDLE_IDENTIFIER = "toolstudio.ios-study-coredata";
				PRODUCT_NAME = "$(TARGET_NAME)";
				SWIFT_VERSION = 5.0;
				TARGETED_DEVICE_FAMILY = "1,2";
			};
			name = Debug;
		};
		9706233B23F10E7500F1EFE1 /* Release */ = {
			isa = XCBuildConfiguration;
			buildSettings = {
				ASSETCATALOG_COMPILER_APPICON_NAME = AppIcon;
				CODE_SIGN_STYLE = Automatic;
				INFOPLIST_FILE = ios_study_coredata/Info.plist;
				LD_RUNPATH_SEARCH_PATHS = (
					"$(inherited)",
					"@executable_path/Frameworks",
				);
				PRODUCT_BUNDLE_IDENTIFIER = "toolstudio.ios-study-coredata";
				PRODUCT_NAME = "$(TARGET_NAME)";
				SWIFT_VERSION = 5.0;
				TARGETED_DEVICE_FAMILY = "1,2";
			};
			name = Release;
		};
		9706233D23F10E7500F1EFE1 /* Debug */ = {
			isa = XCBuildConfiguration;
			buildSettings = {
				ALWAYS_EMBED_SWIFT_STANDARD_LIBRARIES = YES;
				BUNDLE_LOADER = "$(TEST_HOST)";
				CODE_SIGN_STYLE = Automatic;
				INFOPLIST_FILE = ios_study_coredataTests/Info.plist;
				IPHONEOS_DEPLOYMENT_TARGET = 13.2;
				LD_RUNPATH_SEARCH_PATHS = (
					"$(inherited)",
					"@executable_path/Frameworks",
					"@loader_path/Frameworks",
				);
				PRODUCT_BUNDLE_IDENTIFIER = "toolstudio.ios-study-coredataTests";
				PRODUCT_NAME = "$(TARGET_NAME)";
				SWIFT_VERSION = 5.0;
				TARGETED_DEVICE_FAMILY = "1,2";
				TEST_HOST = "$(BUILT_PRODUCTS_DIR)/ios_study_coredata.app/ios_study_coredata";
			};
			name = Debug;
		};
		9706233E23F10E7500F1EFE1 /* Release */ = {
			isa = XCBuildConfiguration;
			buildSettings = {
				ALWAYS_EMBED_SWIFT_STANDARD_LIBRARIES = YES;
				BUNDLE_LOADER = "$(TEST_HOST)";
				CODE_SIGN_STYLE = Automatic;
				INFOPLIST_FILE = ios_study_coredataTests/Info.plist;
				IPHONEOS_DEPLOYMENT_TARGET = 13.2;
				LD_RUNPATH_SEARCH_PATHS = (
					"$(inherited)",
					"@executable_path/Frameworks",
					"@loader_path/Frameworks",
				);
				PRODUCT_BUNDLE_IDENTIFIER = "toolstudio.ios-study-coredataTests";
				PRODUCT_NAME = "$(TARGET_NAME)";
				SWIFT_VERSION = 5.0;
				TARGETED_DEVICE_FAMILY = "1,2";
				TEST_HOST = "$(BUILT_PRODUCTS_DIR)/ios_study_coredata.app/ios_study_coredata";
			};
			name = Release;
		};
/* End XCBuildConfiguration section */

/* Begin XCConfigurationList section */
		9706231223F10E7500F1EFE1 /* Build configuration list for PBXProject "ios_study_coredata" */ = {
			isa = XCConfigurationList;
			buildConfigurations = (
				9706233723F10E7500F1EFE1 /* Debug */,
				9706233823F10E7500F1EFE1 /* Release */,
			);
			defaultConfigurationIsVisible = 0;
			defaultConfigurationName = Release;
		};
		9706233923F10E7500F1EFE1 /* Build configuration list for PBXNativeTarget "ios_study_coredata" */ = {
			isa = XCConfigurationList;
			buildConfigurations = (
				9706233A23F10E7500F1EFE1 /* Debug */,
				9706233B23F10E7500F1EFE1 /* Release */,
			);
			defaultConfigurationIsVisible = 0;
			defaultConfigurationName = Release;
		};
		9706233C23F10E7500F1EFE1 /* Build configuration list for PBXNativeTarget "ios_study_coredataTests" */ = {
			isa = XCConfigurationList;
			buildConfigurations = (
				9706233D23F10E7500F1EFE1 /* Debug */,
				9706233E23F10E7500F1EFE1 /* Release */,
			);
			defaultConfigurationIsVisible = 0;
			defaultConfigurationName = Release;
		};
/* End XCConfigurationList section */

/* Begin XCVersionGroup section */
		9706232323F10E7500F1EFE1 /* ios_study_coredata.xcdatamodeld */ = {
			isa = XCVersionGroup;
			children = (
				9706232423F10E7500F1EFE1 /* ios_study_coredata.xcdatamodel */,
			);
			currentVersion = 9706232423F10E7500F1EFE1 /* ios_study_coredata.xcdatamodel */;
			path = ios_study_coredata.xcdatamodeld;
			sourceTree = "<group>";
			versionGroupType = wrapper.xcdatamodel;
		};
/* End XCVersionGroup section */
	};
	rootObject = 9706230F23F10E7500F1EFE1 /* Project object */;
}
